
Microsoft Visual Studio Solution File, Format Version 12.00
# Visual Studio Version 17
VisualStudioVersion = 17.4.33110.190
MinimumVisualStudioVersion = 10.0.40219.1
Project("{9A19103F-16F7-4668-BE54-9A1E7A4F7556}") = "Atomic.Common", "src\Atomic.Common\Atomic.Common.csproj", "{971C61FD-3D0F-4A47-AFD2-725A4C4323B6}"
EndProject
Project("{9A19103F-16F7-4668-BE54-9A1E7A4F7556}") = "Atomic.OutputCache", "src\Atomic.OutputCache\Atomic.OutputCache.csproj", "{37188921-0678-4051-8FF7-6AC5EFF4D267}"
EndProject
Project("{9A19103F-16F7-4668-BE54-9A1E7A4F7556}") = "Atomic.Sео", "src\Atomic.SEO\Atomic.Sео.csproj", "{4B556CDE-76EF-418F-B672-05D1FE37E018}"
EndProject
Project("{9A19103F-16F7-4668-BE54-9A1E7A4F7556}") = "Atomic.StarterKit", "src\Atomic.StarterKit\Atomic.StarterKit.csproj", "{336D979F-878A-4C9A-BCEA-E84112C5E7E5}"
EndProject
Project("{9A19103F-16F7-4668-BE54-9A1E7A4F7556}") = "Atomic.StarterKit.Website", "src\Atomic.StarterKit.Website\Atomic.StarterKit.Website.csproj", "{7E0E0F75-E7A8-4BD3-9344-5107857AA76F}"
EndProject
Project("{2150E333-8FDC-42A3-9474-1A3956D46DE8}") = "StarterKits", "StarterKits", "{7FEFAB18-EAB5-4059-A851-DD8A7BF01913}"
EndProject
Project("{9A19103F-16F7-4668-BE54-9A1E7A4F7556}") = "ModelsBuilder", "src\ModelsBuilder\ModelsBuilder.csproj", "{CB4AB0A7-CB8D-41A9-BACB-991353EDEDA8}"
EndProject
Project("{9A19103F-16F7-4668-BE54-9A1E7A4F7556}") = "Atomic.StarterKit.ModelsBuilder", "src\Atomic.StarterKit.ModelsBuilder\Atomic.StarterKit.ModelsBuilder.csproj", "{DFAF189A-4AE9-47DA-B104-65E93EFBA0BD}"
EndProject
Global
	GlobalSection(SolutionConfigurationPlatforms) = preSolution
		Debug|Any CPU = Debug|Any CPU
		Release|Any CPU = Release|Any CPU
	EndGlobalSection
	GlobalSection(ProjectConfigurationPlatforms) = postSolution
		{971C61FD-3D0F-4A47-AFD2-725A4C4323B6}.Debug|Any CPU.ActiveCfg = Debug|Any CPU
		{971C61FD-3D0F-4A47-AFD2-725A4C4323B6}.Debug|Any CPU.Build.0 = Debug|Any CPU
		{971C61FD-3D0F-4A47-AFD2-725A4C4323B6}.Release|Any CPU.ActiveCfg = Release|Any CPU
		{971C61FD-3D0F-4A47-AFD2-725A4C4323B6}.Release|Any CPU.Build.0 = Release|Any CPU
		{37188921-0678-4051-8FF7-6AC5EFF4D267}.Debug|Any CPU.ActiveCfg = Debug|Any CPU
		{37188921-0678-4051-8FF7-6AC5EFF4D267}.Debug|Any CPU.Build.0 = Debug|Any CPU
		{37188921-0678-4051-8FF7-6AC5EFF4D267}.Release|Any CPU.ActiveCfg = Release|Any CPU
		{37188921-0678-4051-8FF7-6AC5EFF4D267}.Release|Any CPU.Build.0 = Release|Any CPU
		{4B556CDE-76EF-418F-B672-05D1FE37E018}.Debug|Any CPU.ActiveCfg = Debug|Any CPU
		{4B556CDE-76EF-418F-B672-05D1FE37E018}.Debug|Any CPU.Build.0 = Debug|Any CPU
		{4B556CDE-76EF-418F-B672-05D1FE37E018}.Release|Any CPU.ActiveCfg = Release|Any CPU
		{4B556CDE-76EF-418F-B672-05D1FE37E018}.Release|Any CPU.Build.0 = Release|Any CPU
		{336D979F-878A-4C9A-BCEA-E84112C5E7E5}.Debug|Any CPU.ActiveCfg = Debug|Any CPU
		{336D979F-878A-4C9A-BCEA-E84112C5E7E5}.Debug|Any CPU.Build.0 = Debug|Any CPU
		{336D979F-878A-4C9A-BCEA-E84112C5E7E5}.Release|Any CPU.ActiveCfg = Release|Any CPU
		{336D979F-878A-4C9A-BCEA-E84112C5E7E5}.Release|Any CPU.Build.0 = Release|Any CPU
		{7E0E0F75-E7A8-4BD3-9344-5107857AA76F}.Debug|Any CPU.ActiveCfg = Debug|Any CPU
		{7E0E0F75-E7A8-4BD3-9344-5107857AA76F}.Debug|Any CPU.Build.0 = Debug|Any CPU
		{7E0E0F75-E7A8-4BD3-9344-5107857AA76F}.Release|Any CPU.ActiveCfg = Release|Any CPU
		{7E0E0F75-E7A8-4BD3-9344-5107857AA76F}.Release|Any CPU.Build.0 = Release|Any CPU
		{CB4AB0A7-CB8D-41A9-BACB-991353EDEDA8}.Debug|Any CPU.ActiveCfg = Debug|Any CPU
		{CB4AB0A7-CB8D-41A9-BACB-991353EDEDA8}.Debug|Any CPU.Build.0 = Debug|Any CPU
		{CB4AB0A7-CB8D-41A9-BACB-991353EDEDA8}.Release|Any CPU.ActiveCfg = Release|Any CPU
		{CB4AB0A7-CB8D-41A9-BACB-991353EDEDA8}.Release|Any CPU.Build.0 = Release|Any CPU
		{DFAF189A-4AE9-47DA-B104-65E93EFBA0BD}.Debug|Any CPU.ActiveCfg = Debug|Any CPU
		{DFAF189A-4AE9-47DA-B104-65E93EFBA0BD}.Debug|Any CPU.Build.0 = Debug|Any CPU
		{DFAF189A-4AE9-47DA-B104-65E93EFBA0BD}.Release|Any CPU.ActiveCfg = Release|Any CPU
		{DFAF189A-4AE9-47DA-B104-65E93EFBA0BD}.Release|Any CPU.Build.0 = Release|Any CPU
	EndGlobalSection
	GlobalSection(SolutionProperties) = preSolution
		HideSolutionNode = FALSE
	EndGlobalSection
	GlobalSection(NestedProjects) = preSolution
		{336D979F-878A-4C9A-BCEA-E84112C5E7E5} = {7FEFAB18-EAB5-4059-A851-DD8A7BF01913}
		{7E0E0F75-E7A8-4BD3-9344-5107857AA76F} = {7FEFAB18-EAB5-4059-A851-DD8A7BF01913}
		{DFAF189A-4AE9-47DA-B104-65E93EFBA0BD} = {7FEFAB18-EAB5-4059-A851-DD8A7BF01913}
	EndGlobalSection
	GlobalSection(ExtensibilityGlobals) = postSolution
		SolutionGuid = {F71C8209-46EC-4248-A237-F9EDE6F320E5}
	EndGlobalSection
EndGlobal
